
Microsoft Visual Studio Solution File, Format Version 12.00
# Visual Studio Version 17
VisualStudioVersion = 17.13.35806.99 d17.13
MinimumVisualStudioVersion = 10.0.40219.1
Project("{FAE04EC0-301F-11D3-BF4B-00C04F79EFBC}") = "Food_Crawler", "Food_Crawler\Food_Crawler.csproj", "{AC4B40A0-3CA4-49DA-A062-E61284BA8A54}"
EndProject
Global
	GlobalSection(SolutionConfigurationPlatforms) = preSolution
		Debug|Any CPU = Debug|Any CPU
		Release|Any CPU = Release|Any CPU
	EndGlobalSection
	GlobalSection(ProjectConfigurationPlatforms) = postSolution
		{AC4B40A0-3CA4-49DA-A062-E61284BA8A54}.Debug|Any CPU.ActiveCfg = Debug|Any CPU
		{AC4B40A0-3CA4-49DA-A062-E61284BA8A54}.Debug|Any CPU.Build.0 = Debug|Any CPU
		{AC4B40A0-3CA4-49DA-A062-E61284BA8A54}.Release|Any CPU.ActiveCfg = Release|Any CPU
		{AC4B40A0-3CA4-49DA-A062-E61284BA8A54}.Release|Any CPU.Build.0 = Release|Any CPU
	EndGlobalSection
	GlobalSection(SolutionProperties) = preSolution
		HideSolutionNode = FALSE
	EndGlobalSection
	GlobalSection(ExtensibilityGlobals) = postSolution
		SolutionGuid = {70747CA9-1CD9-4E54-AEC8-CD3F7FA0B72B}
	EndGlobalSection
EndGlobal
